// !$*UTF8*$!
{
	archiveVersion = 1;
	classes = {
	};
	objectVersion = 50;
	objects = {

/* Begin PBXBuildFile section */
		D48A02472601A4DD00E9FB72 /* AppDelegate.swift in Sources */ = {isa = PBXBuildFile; fileRef = D48A02462601A4DD00E9FB72 /* AppDelegate.swift */; };
		D48A02492601A4DD00E9FB72 /* SceneDelegate.swift in Sources */ = {isa = PBXBuildFile; fileRef = D48A02482601A4DD00E9FB72 /* SceneDelegate.swift */; };
		D48A024B2601A4DD00E9FB72 /* ViewController.swift in Sources */ = {isa = PBXBuildFile; fileRef = D48A024A2601A4DD00E9FB72 /* ViewController.swift */; };
		D48A024E2601A4DD00E9FB72 /* Main.storyboard in Resources */ = {isa = PBXBuildFile; fileRef = D48A024C2601A4DD00E9FB72 /* Main.storyboard */; };
		D48A02502601A4E200E9FB72 /* Assets.xcassets in Resources */ = {isa = PBXBuildFile; fileRef = D48A024F2601A4E200E9FB72 /* Assets.xcassets */; };
		D48A02532601A4E200E9FB72 /* LaunchScreen.storyboard in Resources */ = {isa = PBXBuildFile; fileRef = D48A02512601A4E200E9FB72 /* LaunchScreen.storyboard */; };
		D48A025E2601A4E300E9FB72 /* SpacePhotoTests.swift in Sources */ = {isa = PBXBuildFile; fileRef = D48A025D2601A4E300E9FB72 /* SpacePhotoTests.swift */; };
		D48A02692601A4E300E9FB72 /* SpacePhotoUITests.swift in Sources */ = {isa = PBXBuildFile; fileRef = D48A02682601A4E300E9FB72 /* SpacePhotoUITests.swift */; };
/* End PBXBuildFile section */

/* Begin PBXContainerItemProxy section */
		D48A025A2601A4E300E9FB72 /* PBXContainerItemProxy */ = {
			isa = PBXContainerItemProxy;
			containerPortal = D48A023B2601A4DD00E9FB72 /* Project object */;
			proxyType = 1;
			remoteGlobalIDString = D48A02422601A4DD00E9FB72;
			remoteInfo = SpacePhoto;
		};
		D48A02652601A4E300E9FB72 /* PBXContainerItemProxy */ = {
			isa = PBXContainerItemProxy;
			containerPortal = D48A023B2601A4DD00E9FB72 /* Project object */;
			proxyType = 1;
			remoteGlobalIDString = D48A02422601A4DD00E9FB72;
			remoteInfo = SpacePhoto;
		};
/* End PBXContainerItemProxy section */

/* Begin PBXFileReference section */
		D48A02432601A4DD00E9FB72 /* SpacePhoto.app */ = {isa = PBXFileReference; explicitFileType = wrapper.application; includeInIndex = 0; path = SpacePhoto.app; sourceTree = BUILT_PRODUCTS_DIR; };
		D48A02462601A4DD00E9FB72 /* AppDelegate.swift */ = {isa = PBXFileReference; lastKnownFileType = sourcecode.swift; path = AppDelegate.swift; sourceTree = "<group>"; };
		D48A02482601A4DD00E9FB72 /* SceneDelegate.swift */ = {isa = PBXFileReference; lastKnownFileType = sourcecode.swift; path = SceneDelegate.swift; sourceTree = "<group>"; };
		D48A024A2601A4DD00E9FB72 /* ViewController.swift */ = {isa = PBXFileReference; lastKnownFileType = sourcecode.swift; path = ViewController.swift; sourceTree = "<group>"; };
		D48A024D2601A4DD00E9FB72 /* Base */ = {isa = PBXFileReference; lastKnownFileType = file.storyboard; name = Base; path = Base.lproj/Main.storyboard; sourceTree = "<group>"; };
		D48A024F2601A4E200E9FB72 /* Assets.xcassets */ = {isa = PBXFileReference; lastKnownFileType = folder.assetcatalog; path = Assets.xcassets; sourceTree = "<group>"; };
		D48A02522601A4E200E9FB72 /* Base */ = {isa = PBXFileReference; lastKnownFileType = file.storyboard; name = Base; path = Base.lproj/LaunchScreen.storyboard; sourceTree = "<group>"; };
		D48A02542601A4E200E9FB72 /* Info.plist */ = {isa = PBXFileReference; lastKnownFileType = text.plist.xml; path = Info.plist; sourceTree = "<group>"; };
		D48A02592601A4E300E9FB72 /* SpacePhotoTests.xctest */ = {isa = PBXFileReference; explicitFileType = wrapper.cfbundle; includeInIndex = 0; path = SpacePhotoTests.xctest; sourceTree = BUILT_PRODUCTS_DIR; };
		D48A025D2601A4E300E9FB72 /* SpacePhotoTests.swift */ = {isa = PBXFileReference; lastKnownFileType = sourcecode.swift; path = SpacePhotoTests.swift; sourceTree = "<group>"; };
		D48A025F2601A4E300E9FB72 /* Info.plist */ = {isa = PBXFileReference; lastKnownFileType = text.plist.xml; path = Info.plist; sourceTree = "<group>"; };
		D48A02642601A4E300E9FB72 /* SpacePhotoUITests.xctest */ = {isa = PBXFileReference; explicitFileType = wrapper.cfbundle; includeInIndex = 0; path = SpacePhotoUITests.xctest; sourceTree = BUILT_PRODUCTS_DIR; };
		D48A02682601A4E300E9FB72 /* SpacePhotoUITests.swift */ = {isa = PBXFileReference; lastKnownFileType = sourcecode.swift; path = SpacePhotoUITests.swift; sourceTree = "<group>"; };
		D48A026A2601A4E300E9FB72 /* Info.plist */ = {isa = PBXFileReference; lastKnownFileType = text.plist.xml; path = Info.plist; sourceTree = "<group>"; };
/* End PBXFileReference section */

/* Begin PBXFrameworksBuildPhase section */
		D48A02402601A4DD00E9FB72 /* Frameworks */ = {
			isa = PBXFrameworksBuildPhase;
			buildActionMask = 2147483647;
			files = (
			);
			runOnlyForDeploymentPostprocessing = 0;
		};
		D48A02562601A4E300E9FB72 /* Frameworks */ = {
			isa = PBXFrameworksBuildPhase;
			buildActionMask = 2147483647;
			files = (
			);
			runOnlyForDeploymentPostprocessing = 0;
		};
		D48A02612601A4E300E9FB72 /* Frameworks */ = {
			isa = PBXFrameworksBuildPhase;
			buildActionMask = 2147483647;
			files = (
			);
			runOnlyForDeploymentPostprocessing = 0;
		};
/* End PBXFrameworksBuildPhase section */

/* Begin PBXGroup section */
		D48A023A2601A4DD00E9FB72 = {
			isa = PBXGroup;
			children = (
				D48A02452601A4DD00E9FB72 /* SpacePhoto */,
				D48A025C2601A4E300E9FB72 /* SpacePhotoTests */,
				D48A02672601A4E300E9FB72 /* SpacePhotoUITests */,
				D48A02442601A4DD00E9FB72 /* Products */,
			);
			sourceTree = "<group>";
		};
		D48A02442601A4DD00E9FB72 /* Products */ = {
			isa = PBXGroup;
			children = (
				D48A02432601A4DD00E9FB72 /* SpacePhoto.app */,
				D48A02592601A4E300E9FB72 /* SpacePhotoTests.xctest */,
				D48A02642601A4E300E9FB72 /* SpacePhotoUITests.xctest */,
			);
			name = Products;
			sourceTree = "<group>";
		};
		D48A02452601A4DD00E9FB72 /* SpacePhoto */ = {
			isa = PBXGroup;
			children = (
				D48A02462601A4DD00E9FB72 /* AppDelegate.swift */,
				D48A02482601A4DD00E9FB72 /* SceneDelegate.swift */,
				D48A024A2601A4DD00E9FB72 /* ViewController.swift */,
				D48A024C2601A4DD00E9FB72 /* Main.storyboard */,
				D48A024F2601A4E200E9FB72 /* Assets.xcassets */,
				D48A02512601A4E200E9FB72 /* LaunchScreen.storyboard */,
				D48A02542601A4E200E9FB72 /* Info.plist */,
			);
			path = SpacePhoto;
			sourceTree = "<group>";
		};
		D48A025C2601A4E300E9FB72 /* SpacePhotoTests */ = {
			isa = PBXGroup;
			children = (
				D48A025D2601A4E300E9FB72 /* SpacePhotoTests.swift */,
				D48A025F2601A4E300E9FB72 /* Info.plist */,
			);
			path = SpacePhotoTests;
			sourceTree = "<group>";
		};
		D48A02672601A4E300E9FB72 /* SpacePhotoUITests */ = {
			isa = PBXGroup;
			children = (
				D48A02682601A4E300E9FB72 /* SpacePhotoUITests.swift */,
				D48A026A2601A4E300E9FB72 /* Info.plist */,
			);
			path = SpacePhotoUITests;
			sourceTree = "<group>";
		};
/* End PBXGroup section */

/* Begin PBXNativeTarget section */
		D48A02422601A4DD00E9FB72 /* SpacePhoto */ = {
			isa = PBXNativeTarget;
			buildConfigurationList = D48A026D2601A4E300E9FB72 /* Build configuration list for PBXNativeTarget "SpacePhoto" */;
			buildPhases = (
				D48A023F2601A4DD00E9FB72 /* Sources */,
				D48A02402601A4DD00E9FB72 /* Frameworks */,
				D48A02412601A4DD00E9FB72 /* Resources */,
			);
			buildRules = (
			);
			dependencies = (
			);
			name = SpacePhoto;
			productName = SpacePhoto;
			productReference = D48A02432601A4DD00E9FB72 /* SpacePhoto.app */;
			productType = "com.apple.product-type.application";
		};
		D48A02582601A4E300E9FB72 /* SpacePhotoTests */ = {
			isa = PBXNativeTarget;
			buildConfigurationList = D48A02702601A4E300E9FB72 /* Build configuration list for PBXNativeTarget "SpacePhotoTests" */;
			buildPhases = (
				D48A02552601A4E300E9FB72 /* Sources */,
				D48A02562601A4E300E9FB72 /* Frameworks */,
				D48A02572601A4E300E9FB72 /* Resources */,
			);
			buildRules = (
			);
			dependencies = (
				D48A025B2601A4E300E9FB72 /* PBXTargetDependency */,
			);
			name = SpacePhotoTests;
			productName = SpacePhotoTests;
			productReference = D48A02592601A4E300E9FB72 /* SpacePhotoTests.xctest */;
			productType = "com.apple.product-type.bundle.unit-test";
		};
		D48A02632601A4E300E9FB72 /* SpacePhotoUITests */ = {
			isa = PBXNativeTarget;
			buildConfigurationList = D48A02732601A4E300E9FB72 /* Build configuration list for PBXNativeTarget "SpacePhotoUITests" */;
			buildPhases = (
				D48A02602601A4E300E9FB72 /* Sources */,
				D48A02612601A4E300E9FB72 /* Frameworks */,
				D48A02622601A4E300E9FB72 /* Resources */,
			);
			buildRules = (
			);
			dependencies = (
				D48A02662601A4E300E9FB72 /* PBXTargetDependency */,
			);
			name = SpacePhotoUITests;
			productName = SpacePhotoUITests;
			productReference = D48A02642601A4E300E9FB72 /* SpacePhotoUITests.xctest */;
			productType = "com.apple.product-type.bundle.ui-testing";
		};
/* End PBXNativeTarget section */

/* Begin PBXProject section */
		D48A023B2601A4DD00E9FB72 /* Project object */ = {
			isa = PBXProject;
			attributes = {
				LastSwiftUpdateCheck = 1240;
				LastUpgradeCheck = 1240;
				TargetAttributes = {
					D48A02422601A4DD00E9FB72 = {
						CreatedOnToolsVersion = 12.4;
					};
					D48A02582601A4E300E9FB72 = {
						CreatedOnToolsVersion = 12.4;
						TestTargetID = D48A02422601A4DD00E9FB72;
					};
					D48A02632601A4E300E9FB72 = {
						CreatedOnToolsVersion = 12.4;
						TestTargetID = D48A02422601A4DD00E9FB72;
					};
				};
			};
			buildConfigurationList = D48A023E2601A4DD00E9FB72 /* Build configuration list for PBXProject "SpacePhoto" */;
			compatibilityVersion = "Xcode 9.3";
			developmentRegion = en;
			hasScannedForEncodings = 0;
			knownRegions = (
				en,
				Base,
			);
			mainGroup = D48A023A2601A4DD00E9FB72;
			productRefGroup = D48A02442601A4DD00E9FB72 /* Products */;
			projectDirPath = "";
			projectRoot = "";
			targets = (
				D48A02422601A4DD00E9FB72 /* SpacePhoto */,
				D48A02582601A4E300E9FB72 /* SpacePhotoTests */,
				D48A02632601A4E300E9FB72 /* SpacePhotoUITests */,
			);
		};
/* End PBXProject section */

/* Begin PBXResourcesBuildPhase section */
		D48A02412601A4DD00E9FB72 /* Resources */ = {
			isa = PBXResourcesBuildPhase;
			buildActionMask = 2147483647;
			files = (
				D48A02532601A4E200E9FB72 /* LaunchScreen.storyboard in Resources */,
				D48A02502601A4E200E9FB72 /* Assets.xcassets in Resources */,
				D48A024E2601A4DD00E9FB72 /* Main.storyboard in Resources */,
			);
			runOnlyForDeploymentPostprocessing = 0;
		};
		D48A02572601A4E300E9FB72 /* Resources */ = {
			isa = PBXResourcesBuildPhase;
			buildActionMask = 2147483647;
			files = (
			);
			runOnlyForDeploymentPostprocessing = 0;
		};
		D48A02622601A4E300E9FB72 /* Resources */ = {
			isa = PBXResourcesBuildPhase;
			buildActionMask = 2147483647;
			files = (
			);
			runOnlyForDeploymentPostprocessing = 0;
		};
/* End PBXResourcesBuildPhase section */

/* Begin PBXSourcesBuildPhase section */
		D48A023F2601A4DD00E9FB72 /* Sources */ = {
			isa = PBXSourcesBuildPhase;
			buildActionMask = 2147483647;
			files = (
				D48A024B2601A4DD00E9FB72 /* ViewController.swift in Sources */,
				D48A02472601A4DD00E9FB72 /* AppDelegate.swift in Sources */,
				D48A02492601A4DD00E9FB72 /* SceneDelegate.swift in Sources */,
			);
			runOnlyForDeploymentPostprocessing = 0;
		};
		D48A02552601A4E300E9FB72 /* Sources */ = {
			isa = PBXSourcesBuildPhase;
			buildActionMask = 2147483647;
			files = (
				D48A025E2601A4E300E9FB72 /* SpacePhotoTests.swift in Sources */,
			);
			runOnlyForDeploymentPostprocessing = 0;
		};
		D48A02602601A4E300E9FB72 /* Sources */ = {
			isa = PBXSourcesBuildPhase;
			buildActionMask = 2147483647;
			files = (
				D48A02692601A4E300E9FB72 /* SpacePhotoUITests.swift in Sources */,
			);
			runOnlyForDeploymentPostprocessing = 0;
		};
/* End PBXSourcesBuildPhase section */

/* Begin PBXTargetDependency section */
		D48A025B2601A4E300E9FB72 /* PBXTargetDependency */ = {
			isa = PBXTargetDependency;
			target = D48A02422601A4DD00E9FB72 /* SpacePhoto */;
			targetProxy = D48A025A2601A4E300E9FB72 /* PBXContainerItemProxy */;
		};
		D48A02662601A4E300E9FB72 /* PBXTargetDependency */ = {
			isa = PBXTargetDependency;
			target = D48A02422601A4DD00E9FB72 /* SpacePhoto */;
			targetProxy = D48A02652601A4E300E9FB72 /* PBXContainerItemProxy */;
		};
/* End PBXTargetDependency section */

/* Begin PBXVariantGroup section */
		D48A024C2601A4DD00E9FB72 /* Main.storyboard */ = {
			isa = PBXVariantGroup;
			children = (
				D48A024D2601A4DD00E9FB72 /* Base */,
			);
			name = Main.storyboard;
			sourceTree = "<group>";
		};
		D48A02512601A4E200E9FB72 /* LaunchScreen.storyboard */ = {
			isa = PBXVariantGroup;
			children = (
				D48A02522601A4E200E9FB72 /* Base */,
			);
			name = LaunchScreen.storyboard;
			sourceTree = "<group>";
		};
/* End PBXVariantGroup section */

/* Begin XCBuildConfiguration section */
		D48A026B2601A4E300E9FB72 /* Debug */ = {
			isa = XCBuildConfiguration;
			buildSettings = {
				ALWAYS_SEARCH_USER_PATHS = NO;
				CLANG_ANALYZER_NONNULL = YES;
				CLANG_ANALYZER_NUMBER_OBJECT_CONVERSION = YES_AGGRESSIVE;
				CLANG_CXX_LANGUAGE_STANDARD = "gnu++14";
				CLANG_CXX_LIBRARY = "libc++";
				CLANG_ENABLE_MODULES = YES;
				CLANG_ENABLE_OBJC_ARC = YES;
				CLANG_ENABLE_OBJC_WEAK = YES;
				CLANG_WARN_BLOCK_CAPTURE_AUTORELEASING = YES;
				CLANG_WARN_BOOL_CONVERSION = YES;
				CLANG_WARN_COMMA = YES;
				CLANG_WARN_CONSTANT_CONVERSION = YES;
				CLANG_WARN_DEPRECATED_OBJC_IMPLEMENTATIONS = YES;
				CLANG_WARN_DIRECT_OBJC_ISA_USAGE = YES_ERROR;
				CLANG_WARN_DOCUMENTATION_COMMENTS = YES;
				CLANG_WARN_EMPTY_BODY = YES;
				CLANG_WARN_ENUM_CONVERSION = YES;
				CLANG_WARN_INFINITE_RECURSION = YES;
				CLANG_WARN_INT_CONVERSION = YES;
				CLANG_WARN_NON_LITERAL_NULL_CONVERSION = YES;
				CLANG_WARN_OBJC_IMPLICIT_RETAIN_SELF = YES;
				CLANG_WARN_OBJC_LITERAL_CONVERSION = YES;
				CLANG_WARN_OBJC_ROOT_CLASS = YES_ERROR;
				CLANG_WARN_QUOTED_INCLUDE_IN_FRAMEWORK_HEADER = YES;
				CLANG_WARN_RANGE_LOOP_ANALYSIS = YES;
				CLANG_WARN_STRICT_PROTOTYPES = YES;
				CLANG_WARN_SUSPICIOUS_MOVE = YES;
				CLANG_WARN_UNGUARDED_AVAILABILITY = YES_AGGRESSIVE;
				CLANG_WARN_UNREACHABLE_CODE = YES;
				CLANG_WARN__DUPLICATE_METHOD_MATCH = YES;
				COPY_PHASE_STRIP = NO;
				DEBUG_INFORMATION_FORMAT = dwarf;
				ENABLE_STRICT_OBJC_MSGSEND = YES;
				ENABLE_TESTABILITY = YES;
				GCC_C_LANGUAGE_STANDARD = gnu11;
				GCC_DYNAMIC_NO_PIC = NO;
				GCC_NO_COMMON_BLOCKS = YES;
				GCC_OPTIMIZATION_LEVEL = 0;
				GCC_PREPROCESSOR_DEFINITIONS = (
					"DEBUG=1",
					"$(inherited)",
				);
				GCC_WARN_64_TO_32_BIT_CONVERSION = YES;
				GCC_WARN_ABOUT_RETURN_TYPE = YES_ERROR;
				GCC_WARN_UNDECLARED_SELECTOR = YES;
				GCC_WARN_UNINITIALIZED_AUTOS = YES_AGGRESSIVE;
				GCC_WARN_UNUSED_FUNCTION = YES;
				GCC_WARN_UNUSED_VARIABLE = YES;
				IPHONEOS_DEPLOYMENT_TARGET = 14.4;
				MTL_ENABLE_DEBUG_INFO = INCLUDE_SOURCE;
				MTL_FAST_MATH = YES;
				ONLY_ACTIVE_ARCH = YES;
				SDKROOT = iphoneos;
				SWIFT_ACTIVE_COMPILATION_CONDITIONS = DEBUG;
				SWIFT_OPTIMIZATION_LEVEL = "-Onone";
			};
			name = Debug;
		};
		D48A026C2601A4E300E9FB72 /* Release */ = {
			isa = XCBuildConfiguration;
			buildSettings = {
				ALWAYS_SEARCH_USER_PATHS = NO;
				CLANG_ANALYZER_NONNULL = YES;
				CLANG_ANALYZER_NUMBER_OBJECT_CONVERSION = YES_AGGRESSIVE;
				CLANG_CXX_LANGUAGE_STANDARD = "gnu++14";
				CLANG_CXX_LIBRARY = "libc++";
				CLANG_ENABLE_MODULES = YES;
				CLANG_ENABLE_OBJC_ARC = YES;
				CLANG_ENABLE_OBJC_WEAK = YES;
				CLANG_WARN_BLOCK_CAPTURE_AUTORELEASING = YES;
				CLANG_WARN_BOOL_CONVERSION = YES;
				CLANG_WARN_COMMA = YES;
				CLANG_WARN_CONSTANT_CONVERSION = YES;
				CLANG_WARN_DEPRECATED_OBJC_IMPLEMENTATIONS = YES;
				CLANG_WARN_DIRECT_OBJC_ISA_USAGE = YES_ERROR;
				CLANG_WARN_DOCUMENTATION_COMMENTS = YES;
				CLANG_WARN_EMPTY_BODY = YES;
				CLANG_WARN_ENUM_CONVERSION = YES;
				CLANG_WARN_INFINITE_RECURSION = YES;
				CLANG_WARN_INT_CONVERSION = YES;
				CLANG_WARN_NON_LITERAL_NULL_CONVERSION = YES;
				CLANG_WARN_OBJC_IMPLICIT_RETAIN_SELF = YES;
				CLANG_WARN_OBJC_LITERAL_CONVERSION = YES;
				CLANG_WARN_OBJC_ROOT_CLASS = YES_ERROR;
				CLANG_WARN_QUOTED_INCLUDE_IN_FRAMEWORK_HEADER = YES;
				CLANG_WARN_RANGE_LOOP_ANALYSIS = YES;
				CLANG_WARN_STRICT_PROTOTYPES = YES;
				CLANG_WARN_SUSPICIOUS_MOVE = YES;
				CLANG_WARN_UNGUARDED_AVAILABILITY = YES_AGGRESSIVE;
				CLANG_WARN_UNREACHABLE_CODE = YES;
				CLANG_WARN__DUPLICATE_METHOD_MATCH = YES;
				COPY_PHASE_STRIP = NO;
				DEBUG_INFORMATION_FORMAT = "dwarf-with-dsym";
				ENABLE_NS_ASSERTIONS = NO;
				ENABLE_STRICT_OBJC_MSGSEND = YES;
				GCC_C_LANGUAGE_STANDARD = gnu11;
				GCC_NO_COMMON_BLOCKS = YES;
				GCC_WARN_64_TO_32_BIT_CONVERSION = YES;
				GCC_WARN_ABOUT_RETURN_TYPE = YES_ERROR;
				GCC_WARN_UNDECLARED_SELECTOR = YES;
				GCC_WARN_UNINITIALIZED_AUTOS = YES_AGGRESSIVE;
				GCC_WARN_UNUSED_FUNCTION = YES;
				GCC_WARN_UNUSED_VARIABLE = YES;
				IPHONEOS_DEPLOYMENT_TARGET = 14.4;
				MTL_ENABLE_DEBUG_INFO = NO;
				MTL_FAST_MATH = YES;
				SDKROOT = iphoneos;
				SWIFT_COMPILATION_MODE = wholemodule;
				SWIFT_OPTIMIZATION_LEVEL = "-O";
				VALIDATE_PRODUCT = YES;
			};
			name = Release;
		};
		D48A026E2601A4E300E9FB72 /* Debug */ = {
			isa = XCBuildConfiguration;
			buildSettings = {
				ASSETCATALOG_COMPILER_APPICON_NAME = AppIcon;
				ASSETCATALOG_COMPILER_GLOBAL_ACCENT_COLOR_NAME = AccentColor;
				CODE_SIGN_STYLE = Automatic;
				INFOPLIST_FILE = SpacePhoto/Info.plist;
				LD_RUNPATH_SEARCH_PATHS = (
					"$(inherited)",
					"@executable_path/Frameworks",
				);
				PRODUCT_BUNDLE_IDENTIFIER = test.au.SpacePhoto;
				PRODUCT_NAME = "$(TARGET_NAME)";
				SWIFT_VERSION = 5.0;
				TARGETED_DEVICE_FAMILY = "1,2";
			};
			name = Debug;
		};
		D48A026F2601A4E300E9FB72 /* Release */ = {
			isa = XCBuildConfiguration;
			buildSettings = {
				ASSETCATALOG_COMPILER_APPICON_NAME = AppIcon;
				ASSETCATALOG_COMPILER_GLOBAL_ACCENT_COLOR_NAME = AccentColor;
				CODE_SIGN_STYLE = Automatic;
				INFOPLIST_FILE = SpacePhoto/Info.plist;
				LD_RUNPATH_SEARCH_PATHS = (
					"$(inherited)",
					"@executable_path/Frameworks",
				);
				PRODUCT_BUNDLE_IDENTIFIER = test.au.SpacePhoto;
				PRODUCT_NAME = "$(TARGET_NAME)";
				SWIFT_VERSION = 5.0;
				TARGETED_DEVICE_FAMILY = "1,2";
			};
			name = Release;
		};
		D48A02712601A4E300E9FB72 /* Debug */ = {
			isa = XCBuildConfiguration;
			buildSettings = {
				ALWAYS_EMBED_SWIFT_STANDARD_LIBRARIES = YES;
				BUNDLE_LOADER = "$(TEST_HOST)";
				CODE_SIGN_STYLE = Automatic;
				INFOPLIST_FILE = SpacePhotoTests/Info.plist;
				IPHONEOS_DEPLOYMENT_TARGET = 14.4;
				LD_RUNPATH_SEARCH_PATHS = (
					"$(inherited)",
					"@executable_path/Frameworks",
					"@loader_path/Frameworks",
				);
				PRODUCT_BUNDLE_IDENTIFIER = test.au.SpacePhotoTests;
				PRODUCT_NAME = "$(TARGET_NAME)";
				SWIFT_VERSION = 5.0;
				TARGETED_DEVICE_FAMILY = "1,2";
				TEST_HOST = "$(BUILT_PRODUCTS_DIR)/SpacePhoto.app/SpacePhoto";
			};
			name = Debug;
		};
		D48A02722601A4E300E9FB72 /* Release */ = {
			isa = XCBuildConfiguration;
			buildSettings = {
				ALWAYS_EMBED_SWIFT_STANDARD_LIBRARIES = YES;
				BUNDLE_LOADER = "$(TEST_HOST)";
				CODE_SIGN_STYLE = Automatic;
				INFOPLIST_FILE = SpacePhotoTests/Info.plist;
				IPHONEOS_DEPLOYMENT_TARGET = 14.4;
				LD_RUNPATH_SEARCH_PATHS = (
					"$(inherited)",
					"@executable_path/Frameworks",
					"@loader_path/Frameworks",
				);
				PRODUCT_BUNDLE_IDENTIFIER = test.au.SpacePhotoTests;
				PRODUCT_NAME = "$(TARGET_NAME)";
				SWIFT_VERSION = 5.0;
				TARGETED_DEVICE_FAMILY = "1,2";
				TEST_HOST = "$(BUILT_PRODUCTS_DIR)/SpacePhoto.app/SpacePhoto";
			};
			name = Release;
		};
		D48A02742601A4E300E9FB72 /* Debug */ = {
			isa = XCBuildConfiguration;
			buildSettings = {
				ALWAYS_EMBED_SWIFT_STANDARD_LIBRARIES = YES;
				CODE_SIGN_STYLE = Automatic;
				INFOPLIST_FILE = SpacePhotoUITests/Info.plist;
				LD_RUNPATH_SEARCH_PATHS = (
					"$(inherited)",
					"@executable_path/Frameworks",
					"@loader_path/Frameworks",
				);
				PRODUCT_BUNDLE_IDENTIFIER = test.au.SpacePhotoUITests;
				PRODUCT_NAME = "$(TARGET_NAME)";
				SWIFT_VERSION = 5.0;
				TARGETED_DEVICE_FAMILY = "1,2";
				TEST_TARGET_NAME = SpacePhoto;
			};
			name = Debug;
		};
		D48A02752601A4E300E9FB72 /* Release */ = {
			isa = XCBuildConfiguration;
			buildSettings = {
				ALWAYS_EMBED_SWIFT_STANDARD_LIBRARIES = YES;
				CODE_SIGN_STYLE = Automatic;
				INFOPLIST_FILE = SpacePhotoUITests/Info.plist;
				LD_RUNPATH_SEARCH_PATHS = (
					"$(inherited)",
					"@executable_path/Frameworks",
					"@loader_path/Frameworks",
				);
				PRODUCT_BUNDLE_IDENTIFIER = test.au.SpacePhotoUITests;
				PRODUCT_NAME = "$(TARGET_NAME)";
				SWIFT_VERSION = 5.0;
				TARGETED_DEVICE_FAMILY = "1,2";
				TEST_TARGET_NAME = SpacePhoto;
			};
			name = Release;
		};
/* End XCBuildConfiguration section */

/* Begin XCConfigurationList section */
		D48A023E2601A4DD00E9FB72 /* Build configuration list for PBXProject "SpacePhoto" */ = {
			isa = XCConfigurationList;
			buildConfigurations = (
				D48A026B2601A4E300E9FB72 /* Debug */,
				D48A026C2601A4E300E9FB72 /* Release */,
			);
			defaultConfigurationIsVisible = 0;
			defaultConfigurationName = Release;
		};
		D48A026D2601A4E300E9FB72 /* Build configuration list for PBXNativeTarget "SpacePhoto" */ = {
			isa = XCConfigurationList;
			buildConfigurations = (
				D48A026E2601A4E300E9FB72 /* Debug */,
				D48A026F2601A4E300E9FB72 /* Release */,
			);
			defaultConfigurationIsVisible = 0;
			defaultConfigurationName = Release;
		};
		D48A02702601A4E300E9FB72 /* Build configuration list for PBXNativeTarget "SpacePhotoTests" */ = {
			isa = XCConfigurationList;
			buildConfigurations = (
				D48A02712601A4E300E9FB72 /* Debug */,
				D48A02722601A4E300E9FB72 /* Release */,
			);
			defaultConfigurationIsVisible = 0;
			defaultConfigurationName = Release;
		};
		D48A02732601A4E300E9FB72 /* Build configuration list for PBXNativeTarget "SpacePhotoUITests" */ = {
			isa = XCConfigurationList;
			buildConfigurations = (
				D48A02742601A4E300E9FB72 /* Debug */,
				D48A02752601A4E300E9FB72 /* Release */,
			);
			defaultConfigurationIsVisible = 0;
			defaultConfigurationName = Release;
		};
/* End XCConfigurationList section */
	};
	rootObject = D48A023B2601A4DD00E9FB72 /* Project object */;
}
